// !$*UTF8*$!
{
	archiveVersion = 1;
	classes = {
	};
	objectVersion = 56;
	objects = {

/* Begin PBXBuildFile section */
		A10839682A1167C5003F040A /* RemoteView.swift in Sources */ = {isa = PBXBuildFile; fileRef = A10839672A1167C4003F040A /* RemoteView.swift */; };
		A150CD542A0D1E6E005A871E /* MerlinApp.swift in Sources */ = {isa = PBXBuildFile; fileRef = A150CD532A0D1E6E005A871E /* MerlinApp.swift */; };
		A150CD562A0D1E6F005A871E /* ContentView.swift in Sources */ = {isa = PBXBuildFile; fileRef = A150CD552A0D1E6F005A871E /* ContentView.swift */; };
		A150CD582A0D1E71005A871E /* Assets.xcassets in Resources */ = {isa = PBXBuildFile; fileRef = A150CD572A0D1E71005A871E /* Assets.xcassets */; };
		A150CD5B2A0D1E72005A871E /* Preview Assets.xcassets in Resources */ = {isa = PBXBuildFile; fileRef = A150CD5A2A0D1E72005A871E /* Preview Assets.xcassets */; };
		A150CD6C2A0D2358005A871E /* Query.swift in Sources */ = {isa = PBXBuildFile; fileRef = A150CD6B2A0D2358005A871E /* Query.swift */; };
		A150CD6E2A0D7D60005A871E /* SwiftyPing.swift in Sources */ = {isa = PBXBuildFile; fileRef = A150CD6D2A0D7D5F005A871E /* SwiftyPing.swift */; };
		A150CD712A0DB619005A871E /* Cards.swift in Sources */ = {isa = PBXBuildFile; fileRef = A150CD702A0DB619005A871E /* Cards.swift */; };
		A1C0B3582A128A08007EA615 /* Client.swift in Sources */ = {isa = PBXBuildFile; fileRef = A1C0B3572A128A08007EA615 /* Client.swift */; };
		A1C0B35A2A128A21007EA615 /* ClientConnection.swift in Sources */ = {isa = PBXBuildFile; fileRef = A1C0B3592A128A21007EA615 /* ClientConnection.swift */; };
/* End PBXBuildFile section */

/* Begin PBXFileReference section */
		A10839672A1167C4003F040A /* RemoteView.swift */ = {isa = PBXFileReference; lastKnownFileType = sourcecode.swift; path = RemoteView.swift; sourceTree = "<group>"; };
		A144AEE32A156811005E8CF7 /* MerlinRelease.entitlements */ = {isa = PBXFileReference; lastKnownFileType = text.plist.entitlements; path = MerlinRelease.entitlements; sourceTree = "<group>"; };
		A150CD502A0D1E6E005A871E /* Merlin.app */ = {isa = PBXFileReference; explicitFileType = wrapper.application; includeInIndex = 0; path = Merlin.app; sourceTree = BUILT_PRODUCTS_DIR; };
		A150CD532A0D1E6E005A871E /* MerlinApp.swift */ = {isa = PBXFileReference; lastKnownFileType = sourcecode.swift; path = MerlinApp.swift; sourceTree = "<group>"; };
		A150CD552A0D1E6F005A871E /* ContentView.swift */ = {isa = PBXFileReference; lastKnownFileType = sourcecode.swift; path = ContentView.swift; sourceTree = "<group>"; };
		A150CD572A0D1E71005A871E /* Assets.xcassets */ = {isa = PBXFileReference; lastKnownFileType = folder.assetcatalog; path = Assets.xcassets; sourceTree = "<group>"; };
		A150CD5A2A0D1E72005A871E /* Preview Assets.xcassets */ = {isa = PBXFileReference; lastKnownFileType = folder.assetcatalog; path = "Preview Assets.xcassets"; sourceTree = "<group>"; };
		A150CD6B2A0D2358005A871E /* Query.swift */ = {isa = PBXFileReference; lastKnownFileType = sourcecode.swift; path = Query.swift; sourceTree = "<group>"; };
		A150CD6D2A0D7D5F005A871E /* SwiftyPing.swift */ = {isa = PBXFileReference; fileEncoding = 4; lastKnownFileType = sourcecode.swift; path = SwiftyPing.swift; sourceTree = "<group>"; };
		A150CD702A0DB619005A871E /* Cards.swift */ = {isa = PBXFileReference; lastKnownFileType = sourcecode.swift; path = Cards.swift; sourceTree = "<group>"; };
		A1C0B3572A128A08007EA615 /* Client.swift */ = {isa = PBXFileReference; lastKnownFileType = sourcecode.swift; path = Client.swift; sourceTree = "<group>"; };
		A1C0B3592A128A21007EA615 /* ClientConnection.swift */ = {isa = PBXFileReference; lastKnownFileType = sourcecode.swift; path = ClientConnection.swift; sourceTree = "<group>"; };
/* End PBXFileReference section */

/* Begin PBXFrameworksBuildPhase section */
		A150CD4D2A0D1E6E005A871E /* Frameworks */ = {
			isa = PBXFrameworksBuildPhase;
			buildActionMask = 2147483647;
			files = (
			);
			runOnlyForDeploymentPostprocessing = 0;
		};
/* End PBXFrameworksBuildPhase section */

/* Begin PBXGroup section */
		A150CD472A0D1E6D005A871E = {
			isa = PBXGroup;
			children = (
				A150CD522A0D1E6E005A871E /* Merlin */,
				A150CD512A0D1E6E005A871E /* Products */,
			);
			sourceTree = "<group>";
		};
		A150CD512A0D1E6E005A871E /* Products */ = {
			isa = PBXGroup;
			children = (
				A150CD502A0D1E6E005A871E /* Merlin.app */,
			);
			name = Products;
			sourceTree = "<group>";
		};
		A150CD522A0D1E6E005A871E /* Merlin */ = {
			isa = PBXGroup;
			children = (
				A144AEE32A156811005E8CF7 /* MerlinRelease.entitlements */,
				A150CD6F2A0DB606005A871E /* Views */,
				A150CD612A0D1E80005A871E /* Helpers */,
				A150CD532A0D1E6E005A871E /* MerlinApp.swift */,
				A150CD552A0D1E6F005A871E /* ContentView.swift */,
				A150CD572A0D1E71005A871E /* Assets.xcassets */,
				A150CD592A0D1E72005A871E /* Preview Content */,
			);
			path = Merlin;
			sourceTree = "<group>";
		};
		A150CD592A0D1E72005A871E /* Preview Content */ = {
			isa = PBXGroup;
			children = (
				A150CD5A2A0D1E72005A871E /* Preview Assets.xcassets */,
			);
			path = "Preview Content";
			sourceTree = "<group>";
		};
		A150CD612A0D1E80005A871E /* Helpers */ = {
			isa = PBXGroup;
			children = (
				A150CD6D2A0D7D5F005A871E /* SwiftyPing.swift */,
				A150CD6B2A0D2358005A871E /* Query.swift */,
				A1C0B3572A128A08007EA615 /* Client.swift */,
				A1C0B3592A128A21007EA615 /* ClientConnection.swift */,
			);
			path = Helpers;
			sourceTree = "<group>";
		};
		A150CD6F2A0DB606005A871E /* Views */ = {
			isa = PBXGroup;
			children = (
				A150CD702A0DB619005A871E /* Cards.swift */,
				A10839672A1167C4003F040A /* RemoteView.swift */,
			);
			path = Views;
			sourceTree = "<group>";
		};
/* End PBXGroup section */

/* Begin PBXNativeTarget section */
		A150CD4F2A0D1E6E005A871E /* Merlin */ = {
			isa = PBXNativeTarget;
			buildConfigurationList = A150CD5E2A0D1E72005A871E /* Build configuration list for PBXNativeTarget "Merlin" */;
			buildPhases = (
				A150CD4C2A0D1E6E005A871E /* Sources */,
				A150CD4D2A0D1E6E005A871E /* Frameworks */,
				A150CD4E2A0D1E6E005A871E /* Resources */,
			);
			buildRules = (
			);
			dependencies = (
			);
			name = Merlin;
			packageProductDependencies = (
			);
			productName = Merlin;
			productReference = A150CD502A0D1E6E005A871E /* Merlin.app */;
			productType = "com.apple.product-type.application";
		};
/* End PBXNativeTarget section */

/* Begin PBXProject section */
		A150CD482A0D1E6D005A871E /* Project object */ = {
			isa = PBXProject;
			attributes = {
				BuildIndependentTargetsInParallel = 1;
				LastSwiftUpdateCheck = 1430;
				LastUpgradeCheck = 1430;
				TargetAttributes = {
					A150CD4F2A0D1E6E005A871E = {
						CreatedOnToolsVersion = 14.3;
					};
				};
			};
			buildConfigurationList = A150CD4B2A0D1E6D005A871E /* Build configuration list for PBXProject "Merlin" */;
			compatibilityVersion = "Xcode 14.0";
			developmentRegion = en;
			hasScannedForEncodings = 0;
			knownRegions = (
				en,
				Base,
			);
			mainGroup = A150CD472A0D1E6D005A871E;
			packageReferences = (
			);
			productRefGroup = A150CD512A0D1E6E005A871E /* Products */;
			projectDirPath = "";
			projectRoot = "";
			targets = (
				A150CD4F2A0D1E6E005A871E /* Merlin */,
			);
		};
/* End PBXProject section */

/* Begin PBXResourcesBuildPhase section */
		A150CD4E2A0D1E6E005A871E /* Resources */ = {
			isa = PBXResourcesBuildPhase;
			buildActionMask = 2147483647;
			files = (
				A150CD5B2A0D1E72005A871E /* Preview Assets.xcassets in Resources */,
				A150CD582A0D1E71005A871E /* Assets.xcassets in Resources */,
			);
			runOnlyForDeploymentPostprocessing = 0;
		};
/* End PBXResourcesBuildPhase section */

/* Begin PBXSourcesBuildPhase section */
		A150CD4C2A0D1E6E005A871E /* Sources */ = {
			isa = PBXSourcesBuildPhase;
			buildActionMask = 2147483647;
			files = (
				A10839682A1167C5003F040A /* RemoteView.swift in Sources */,
				A150CD712A0DB619005A871E /* Cards.swift in Sources */,
				A150CD6C2A0D2358005A871E /* Query.swift in Sources */,
				A150CD562A0D1E6F005A871E /* ContentView.swift in Sources */,
				A150CD6E2A0D7D60005A871E /* SwiftyPing.swift in Sources */,
				A1C0B35A2A128A21007EA615 /* ClientConnection.swift in Sources */,
				A1C0B3582A128A08007EA615 /* Client.swift in Sources */,
				A150CD542A0D1E6E005A871E /* MerlinApp.swift in Sources */,
			);
			runOnlyForDeploymentPostprocessing = 0;
		};
/* End PBXSourcesBuildPhase section */

/* Begin XCBuildConfiguration section */
		A150CD5C2A0D1E72005A871E /* Debug */ = {
			isa = XCBuildConfiguration;
			buildSettings = {
				ALWAYS_SEARCH_USER_PATHS = NO;
				CLANG_ANALYZER_NONNULL = YES;
				CLANG_ANALYZER_NUMBER_OBJECT_CONVERSION = YES_AGGRESSIVE;
				CLANG_CXX_LANGUAGE_STANDARD = "gnu++20";
				CLANG_ENABLE_MODULES = YES;
				CLANG_ENABLE_OBJC_ARC = YES;
				CLANG_ENABLE_OBJC_WEAK = YES;
				CLANG_WARN_BLOCK_CAPTURE_AUTORELEASING = YES;
				CLANG_WARN_BOOL_CONVERSION = YES;
				CLANG_WARN_COMMA = YES;
				CLANG_WARN_CONSTANT_CONVERSION = YES;
				CLANG_WARN_DEPRECATED_OBJC_IMPLEMENTATIONS = YES;
				CLANG_WARN_DIRECT_OBJC_ISA_USAGE = YES_ERROR;
				CLANG_WARN_DOCUMENTATION_COMMENTS = YES;
				CLANG_WARN_EMPTY_BODY = YES;
				CLANG_WARN_ENUM_CONVERSION = YES;
				CLANG_WARN_INFINITE_RECURSION = YES;
				CLANG_WARN_INT_CONVERSION = YES;
				CLANG_WARN_NON_LITERAL_NULL_CONVERSION = YES;
				CLANG_WARN_OBJC_IMPLICIT_RETAIN_SELF = YES;
				CLANG_WARN_OBJC_LITERAL_CONVERSION = YES;
				CLANG_WARN_OBJC_ROOT_CLASS = YES_ERROR;
				CLANG_WARN_QUOTED_INCLUDE_IN_FRAMEWORK_HEADER = YES;
				CLANG_WARN_RANGE_LOOP_ANALYSIS = YES;
				CLANG_WARN_STRICT_PROTOTYPES = YES;
				CLANG_WARN_SUSPICIOUS_MOVE = YES;
				CLANG_WARN_UNGUARDED_AVAILABILITY = YES_AGGRESSIVE;
				CLANG_WARN_UNREACHABLE_CODE = YES;
				CLANG_WARN__DUPLICATE_METHOD_MATCH = YES;
				COPY_PHASE_STRIP = NO;
				DEBUG_INFORMATION_FORMAT = dwarf;
				ENABLE_STRICT_OBJC_MSGSEND = YES;
				ENABLE_TESTABILITY = YES;
				GCC_C_LANGUAGE_STANDARD = gnu11;
				GCC_DYNAMIC_NO_PIC = NO;
				GCC_NO_COMMON_BLOCKS = YES;
				GCC_OPTIMIZATION_LEVEL = 0;
				GCC_PREPROCESSOR_DEFINITIONS = (
					"DEBUG=1",
					"$(inherited)",
				);
				GCC_WARN_64_TO_32_BIT_CONVERSION = YES;
				GCC_WARN_ABOUT_RETURN_TYPE = YES_ERROR;
				GCC_WARN_UNDECLARED_SELECTOR = YES;
				GCC_WARN_UNINITIALIZED_AUTOS = YES_AGGRESSIVE;
				GCC_WARN_UNUSED_FUNCTION = YES;
				GCC_WARN_UNUSED_VARIABLE = YES;
				IPHONEOS_DEPLOYMENT_TARGET = 16.4;
				MTL_ENABLE_DEBUG_INFO = INCLUDE_SOURCE;
				MTL_FAST_MATH = YES;
				ONLY_ACTIVE_ARCH = YES;
				SDKROOT = iphoneos;
				SWIFT_ACTIVE_COMPILATION_CONDITIONS = DEBUG;
				SWIFT_OPTIMIZATION_LEVEL = "-Onone";
			};
			name = Debug;
		};
		A150CD5D2A0D1E72005A871E /* Release */ = {
			isa = XCBuildConfiguration;
			buildSettings = {
				ALWAYS_SEARCH_USER_PATHS = NO;
				CLANG_ANALYZER_NONNULL = YES;
				CLANG_ANALYZER_NUMBER_OBJECT_CONVERSION = YES_AGGRESSIVE;
				CLANG_CXX_LANGUAGE_STANDARD = "gnu++20";
				CLANG_ENABLE_MODULES = YES;
				CLANG_ENABLE_OBJC_ARC = YES;
				CLANG_ENABLE_OBJC_WEAK = YES;
				CLANG_WARN_BLOCK_CAPTURE_AUTORELEASING = YES;
				CLANG_WARN_BOOL_CONVERSION = YES;
				CLANG_WARN_COMMA = YES;
				CLANG_WARN_CONSTANT_CONVERSION = YES;
				CLANG_WARN_DEPRECATED_OBJC_IMPLEMENTATIONS = YES;
				CLANG_WARN_DIRECT_OBJC_ISA_USAGE = YES_ERROR;
				CLANG_WARN_DOCUMENTATION_COMMENTS = YES;
				CLANG_WARN_EMPTY_BODY = YES;
				CLANG_WARN_ENUM_CONVERSION = YES;
				CLANG_WARN_INFINITE_RECURSION = YES;
				CLANG_WARN_INT_CONVERSION = YES;
				CLANG_WARN_NON_LITERAL_NULL_CONVERSION = YES;
				CLANG_WARN_OBJC_IMPLICIT_RETAIN_SELF = YES;
				CLANG_WARN_OBJC_LITERAL_CONVERSION = YES;
				CLANG_WARN_OBJC_ROOT_CLASS = YES_ERROR;
				CLANG_WARN_QUOTED_INCLUDE_IN_FRAMEWORK_HEADER = YES;
				CLANG_WARN_RANGE_LOOP_ANALYSIS = YES;
				CLANG_WARN_STRICT_PROTOTYPES = YES;
				CLANG_WARN_SUSPICIOUS_MOVE = YES;
				CLANG_WARN_UNGUARDED_AVAILABILITY = YES_AGGRESSIVE;
				CLANG_WARN_UNREACHABLE_CODE = YES;
				CLANG_WARN__DUPLICATE_METHOD_MATCH = YES;
				COPY_PHASE_STRIP = NO;
				DEBUG_INFORMATION_FORMAT = "dwarf-with-dsym";
				ENABLE_NS_ASSERTIONS = NO;
				ENABLE_STRICT_OBJC_MSGSEND = YES;
				GCC_C_LANGUAGE_STANDARD = gnu11;
				GCC_NO_COMMON_BLOCKS = YES;
				GCC_WARN_64_TO_32_BIT_CONVERSION = YES;
				GCC_WARN_ABOUT_RETURN_TYPE = YES_ERROR;
				GCC_WARN_UNDECLARED_SELECTOR = YES;
				GCC_WARN_UNINITIALIZED_AUTOS = YES_AGGRESSIVE;
				GCC_WARN_UNUSED_FUNCTION = YES;
				GCC_WARN_UNUSED_VARIABLE = YES;
				IPHONEOS_DEPLOYMENT_TARGET = 16.4;
				MTL_ENABLE_DEBUG_INFO = NO;
				MTL_FAST_MATH = YES;
				SDKROOT = iphoneos;
				SWIFT_COMPILATION_MODE = wholemodule;
				SWIFT_OPTIMIZATION_LEVEL = "-O";
				VALIDATE_PRODUCT = YES;
			};
			name = Release;
		};
		A150CD5F2A0D1E72005A871E /* Debug */ = {
			isa = XCBuildConfiguration;
			buildSettings = {
				ASSETCATALOG_COMPILER_APPICON_NAME = AppIcon;
				ASSETCATALOG_COMPILER_GLOBAL_ACCENT_COLOR_NAME = AccentColor;
				CODE_SIGN_STYLE = Automatic;
				CURRENT_PROJECT_VERSION = 1;
				DEVELOPMENT_ASSET_PATHS = "\"Merlin/Preview Content\"";
				DEVELOPMENT_TEAM = XP6Z6FJ3FL;
				ENABLE_PREVIEWS = YES;
				GENERATE_INFOPLIST_FILE = YES;
				INFOPLIST_KEY_UIApplicationSceneManifest_Generation = YES;
				INFOPLIST_KEY_UIApplicationSupportsIndirectInputEvents = YES;
				INFOPLIST_KEY_UILaunchScreen_Generation = YES;
				INFOPLIST_KEY_UISupportedInterfaceOrientations_iPad = "UIInterfaceOrientationPortrait UIInterfaceOrientationPortraitUpsideDown UIInterfaceOrientationLandscapeLeft UIInterfaceOrientationLandscapeRight";
				INFOPLIST_KEY_UISupportedInterfaceOrientations_iPhone = "UIInterfaceOrientationPortrait UIInterfaceOrientationLandscapeLeft UIInterfaceOrientationLandscapeRight";
				LD_RUNPATH_SEARCH_PATHS = (
					"$(inherited)",
					"@executable_path/Frameworks",
				);
				MARKETING_VERSION = 1.1;
				PRODUCT_BUNDLE_IDENTIFIER = com.akhilv.Merlin;
				PRODUCT_NAME = "$(TARGET_NAME)";
				SWIFT_EMIT_LOC_STRINGS = YES;
				SWIFT_VERSION = 5.0;
				TARGETED_DEVICE_FAMILY = "1,2";
			};
			name = Debug;
		};
		A150CD602A0D1E72005A871E /* Release */ = {
			isa = XCBuildConfiguration;
			buildSettings = {
				ASSETCATALOG_COMPILER_APPICON_NAME = AppIcon;
				ASSETCATALOG_COMPILER_GLOBAL_ACCENT_COLOR_NAME = AccentColor;
				CODE_SIGN_ENTITLEMENTS = Merlin/MerlinRelease.entitlements;
				CODE_SIGN_STYLE = Automatic;
				CURRENT_PROJECT_VERSION = 1;
				DEVELOPMENT_ASSET_PATHS = "\"Merlin/Preview Content\"";
				DEVELOPMENT_TEAM = XP6Z6FJ3FL;
				ENABLE_PREVIEWS = YES;
				GENERATE_INFOPLIST_FILE = YES;
				INFOPLIST_KEY_UIApplicationSceneManifest_Generation = YES;
				INFOPLIST_KEY_UIApplicationSupportsIndirectInputEvents = YES;
				INFOPLIST_KEY_UILaunchScreen_Generation = YES;
				INFOPLIST_KEY_UISupportedInterfaceOrientations_iPad = "UIInterfaceOrientationPortrait UIInterfaceOrientationPortraitUpsideDown UIInterfaceOrientationLandscapeLeft UIInterfaceOrientationLandscapeRight";
				INFOPLIST_KEY_UISupportedInterfaceOrientations_iPhone = "UIInterfaceOrientationPortrait UIInterfaceOrientationLandscapeLeft UIInterfaceOrientationLandscapeRight";
				LD_RUNPATH_SEARCH_PATHS = (
					"$(inherited)",
					"@executable_path/Frameworks",
				);
				MARKETING_VERSION = 1.1;
				PRODUCT_BUNDLE_IDENTIFIER = com.akhilv.Merlin;
				PRODUCT_NAME = "$(TARGET_NAME)";
				SWIFT_EMIT_LOC_STRINGS = YES;
				SWIFT_VERSION = 5.0;
				TARGETED_DEVICE_FAMILY = "1,2";
			};
			name = Release;
		};
/* End XCBuildConfiguration section */

/* Begin XCConfigurationList section */
		A150CD4B2A0D1E6D005A871E /* Build configuration list for PBXProject "Merlin" */ = {
			isa = XCConfigurationList;
			buildConfigurations = (
				A150CD5C2A0D1E72005A871E /* Debug */,
				A150CD5D2A0D1E72005A871E /* Release */,
			);
			defaultConfigurationIsVisible = 0;
			defaultConfigurationName = Release;
		};
		A150CD5E2A0D1E72005A871E /* Build configuration list for PBXNativeTarget "Merlin" */ = {
			isa = XCConfigurationList;
			buildConfigurations = (
				A150CD5F2A0D1E72005A871E /* Debug */,
				A150CD602A0D1E72005A871E /* Release */,
			);
			defaultConfigurationIsVisible = 0;
			defaultConfigurationName = Release;
		};
/* End XCConfigurationList section */
	};
	rootObject = A150CD482A0D1E6D005A871E /* Project object */;
}
